
Microsoft Visual Studio Solution File, Format Version 12.00
# Visual Studio Version 16
VisualStudioVersion = 16.0.32002.261
MinimumVisualStudioVersion = 10.0.40219.1
Project("{9A19103F-16F7-4668-BE54-9A1E7A4F7556}") = "MetricsManager", "MetricsManager.csproj", "{5D79ADB2-BBD3-45FA-9170-4E7677E58F5E}"
EndProject
Project("{FAE04EC0-301F-11D3-BF4B-00C04F79EFBC}") = "MetricsManagerTests", "..\MetricsManagerTests\MetricsManagerTests.csproj", "{BA1F3004-A7E5-412E-8D3E-719834654FDA}"
EndProject
Global
	GlobalSection(SolutionConfigurationPlatforms) = preSolution
		Debug|Any CPU = Debug|Any CPU
		Release|Any CPU = Release|Any CPU
	EndGlobalSection
	GlobalSection(ProjectConfigurationPlatforms) = postSolution
		{5D79ADB2-BBD3-45FA-9170-4E7677E58F5E}.Debug|Any CPU.ActiveCfg = Debug|Any CPU
		{5D79ADB2-BBD3-45FA-9170-4E7677E58F5E}.Debug|Any CPU.Build.0 = Debug|Any CPU
		{5D79ADB2-BBD3-45FA-9170-4E7677E58F5E}.Release|Any CPU.ActiveCfg = Release|Any CPU
		{5D79ADB2-BBD3-45FA-9170-4E7677E58F5E}.Release|Any CPU.Build.0 = Release|Any CPU
		{BA1F3004-A7E5-412E-8D3E-719834654FDA}.Debug|Any CPU.ActiveCfg = Debug|Any CPU
		{BA1F3004-A7E5-412E-8D3E-719834654FDA}.Debug|Any CPU.Build.0 = Debug|Any CPU
		{BA1F3004-A7E5-412E-8D3E-719834654FDA}.Release|Any CPU.ActiveCfg = Release|Any CPU
		{BA1F3004-A7E5-412E-8D3E-719834654FDA}.Release|Any CPU.Build.0 = Release|Any CPU
	EndGlobalSection
	GlobalSection(SolutionProperties) = preSolution
		HideSolutionNode = FALSE
	EndGlobalSection
	GlobalSection(ExtensibilityGlobals) = postSolution
		SolutionGuid = {A7AFB921-B6B7-4468-8676-62ECF8FA1EEF}
	EndGlobalSection
EndGlobal
